PODS:
  - lottie-ios (3.1.8)
  - SwiftLint (0.41.0)

DEPENDENCIES:
  - lottie-ios
  - SwiftLint

SPEC REPOS:
  trunk:
    - lottie-ios
    - SwiftLint

SPEC CHECKSUMS:
  lottie-ios: 48fac6be217c76937e36e340e2d09cf7b10b7f5f
  SwiftLint: c585ebd615d9520d7fbdbe151f527977b0534f1e

PODFILE CHECKSUM: 391ef9b36cd6f29244e28277b66e006ed38fb0c1

COCOAPODS: 1.10.0
