// !$*UTF8*$!
{
	archiveVersion = 1;
	classes = {
	};
	objectVersion = 51;
	objects = {

/* Begin PBXBuildFile section */
		16020DE1251E6D4700D8B062 /* AristocratsfmApp.swift in Sources */ = {isa = PBXBuildFile; fileRef = 16020DE0251E6D4700D8B062 /* AristocratsfmApp.swift */; };
		16020DE3251E6D4700D8B062 /* ContentView.swift in Sources */ = {isa = PBXBuildFile; fileRef = 16020DE2251E6D4700D8B062 /* ContentView.swift */; };
		16020DE5251E6D4700D8B062 /* Assets.xcassets in Resources */ = {isa = PBXBuildFile; fileRef = 16020DE4251E6D4700D8B062 /* Assets.xcassets */; };
		16020DF1251E6E8E00D8B062 /* RadioCurrentTrackView.swift in Sources */ = {isa = PBXBuildFile; fileRef = 16020DF0251E6E8E00D8B062 /* RadioCurrentTrackView.swift */; };
		1613B0BE2529FE070068B045 /* PlaylistListView.swift in Sources */ = {isa = PBXBuildFile; fileRef = 1613B0BD2529FE070068B045 /* PlaylistListView.swift */; };
		1613B0C1252A022C0068B045 /* PlaylistTrackView.swift in Sources */ = {isa = PBXBuildFile; fileRef = 1613B0C0252A022C0068B045 /* PlaylistTrackView.swift */; };
		1613B0C5252A0F7E0068B045 /* RoundedCornerView.swift in Sources */ = {isa = PBXBuildFile; fileRef = 1613B0C4252A0F7E0068B045 /* RoundedCornerView.swift */; };
		1615AEA1252910390026184B /* NowPlayingObservableObject.swift in Sources */ = {isa = PBXBuildFile; fileRef = 1615AEA0252910390026184B /* NowPlayingObservableObject.swift */; };
		163A081F25684BC9003EA4BB /* FirebaseAnalytics.swift in Sources */ = {isa = PBXBuildFile; fileRef = 163A081E25684BC9003EA4BB /* FirebaseAnalytics.swift */; };
		1661F8C32555F189006C6630 /* DataController.swift in Sources */ = {isa = PBXBuildFile; fileRef = 1661F8C22555F189006C6630 /* DataController.swift */; };
		166200DD251F50470073EEE5 /* RadioControlsView.swift in Sources */ = {isa = PBXBuildFile; fileRef = 166200DC251F50470073EEE5 /* RadioControlsView.swift */; };
		166200E0251F52210073EEE5 /* RadioPlayButtonView.swift in Sources */ = {isa = PBXBuildFile; fileRef = 166200DF251F52210073EEE5 /* RadioPlayButtonView.swift */; };
		166200E3251FAA410073EEE5 /* AppConstants.swift in Sources */ = {isa = PBXBuildFile; fileRef = 166200E2251FAA410073EEE5 /* AppConstants.swift */; };
		166200E6251FB4210073EEE5 /* AristocratsMainView.swift in Sources */ = {isa = PBXBuildFile; fileRef = 166200E5251FB4210073EEE5 /* AristocratsMainView.swift */; };
		16659F16254EF06F005F7D2C /* UIImage.swift in Sources */ = {isa = PBXBuildFile; fileRef = 16659F15254EF06F005F7D2C /* UIImage.swift */; };
		16700F172554806E003A2F23 /* LikeButtonView.swift in Sources */ = {isa = PBXBuildFile; fileRef = 16700F162554806E003A2F23 /* LikeButtonView.swift */; };
		167711892524FDD30011D6A6 /* PlayerObservableObject.swift in Sources */ = {isa = PBXBuildFile; fileRef = 167711882524FDD30011D6A6 /* PlayerObservableObject.swift */; };
		167BE13125603E6900E81F4C /* Localizable.strings in Resources */ = {isa = PBXBuildFile; fileRef = 167BE13325603E6900E81F4C /* Localizable.strings */; };
		167FE61A2550BA2F00E65949 /* PlaylistObservableObject.swift in Sources */ = {isa = PBXBuildFile; fileRef = 167FE6192550BA2F00E65949 /* PlaylistObservableObject.swift */; };
		168B789D253774920078D0A5 /* LoadingDots.json in Resources */ = {isa = PBXBuildFile; fileRef = 168B789C253774920078D0A5 /* LoadingDots.json */; };
		168B78A0253774D40078D0A5 /* LoadingLottieView.swift in Sources */ = {isa = PBXBuildFile; fileRef = 168B789F253774D40078D0A5 /* LoadingLottieView.swift */; };
		168B78B425377A420078D0A5 /* URL.swift in Sources */ = {isa = PBXBuildFile; fileRef = 168B78B325377A420078D0A5 /* URL.swift */; };
		168B78B725377A6F0078D0A5 /* Publishers.swift in Sources */ = {isa = PBXBuildFile; fileRef = 168B78B625377A6F0078D0A5 /* Publishers.swift */; };
		168B78C025377B330078D0A5 /* Publisher.swift in Sources */ = {isa = PBXBuildFile; fileRef = 168B78BF25377B330078D0A5 /* Publisher.swift */; };
		1690B8262830023F0007433F /* JSONDecoder.swift in Sources */ = {isa = PBXBuildFile; fileRef = 1690B8252830023F0007433F /* JSONDecoder.swift */; };
		1693A5B02556F39400AAA2A4 /* ShareButtonView.swift in Sources */ = {isa = PBXBuildFile; fileRef = 1693A5AF2556F39400AAA2A4 /* ShareButtonView.swift */; };
		1693A5B42556FB4D00AAA2A4 /* LikeAnimatedButton.json in Resources */ = {isa = PBXBuildFile; fileRef = 1693A5B32556FB4D00AAA2A4 /* LikeAnimatedButton.json */; };
		1693A5B72556FB9D00AAA2A4 /* LikeButtonLottieView.swift in Sources */ = {isa = PBXBuildFile; fileRef = 1693A5B62556FB9D00AAA2A4 /* LikeButtonLottieView.swift */; };
		169E9DFD25583366005F2BB4 /* UIApplication.swift in Sources */ = {isa = PBXBuildFile; fileRef = 169E9DFC25583366005F2BB4 /* UIApplication.swift */; };
		169E9E052559C19B005F2BB4 /* CircleLoader.json in Resources */ = {isa = PBXBuildFile; fileRef = 169E9E042559C19B005F2BB4 /* CircleLoader.json */; };
		169E9E092559C76C005F2BB4 /* LottieView.swift in Sources */ = {isa = PBXBuildFile; fileRef = 169E9E082559C76C005F2BB4 /* LottieView.swift */; };
		16AA1CE92555D9C100839F30 /* Aristocrats.xcdatamodeld in Sources */ = {isa = PBXBuildFile; fileRef = 16AA1CE72555D9C100839F30 /* Aristocrats.xcdatamodeld */; };
		16BDDA642568441900C39323 /* GoogleService-Info.plist in Resources */ = {isa = PBXBuildFile; fileRef = 16BDDA632568441900C39323 /* GoogleService-Info.plist */; };
		16BE322525573C95002403F2 /* FavoriteListView.swift in Sources */ = {isa = PBXBuildFile; fileRef = 16BE322425573C95002403F2 /* FavoriteListView.swift */; };
		16BE322825574078002403F2 /* FavoriteTrack.swift in Sources */ = {isa = PBXBuildFile; fileRef = 16BE322725574078002403F2 /* FavoriteTrack.swift */; };
		16C73834255C6F240099BAB1 /* TeaCup.json in Resources */ = {isa = PBXBuildFile; fileRef = 16C73833255C6F240099BAB1 /* TeaCup.json */; };
		16C73837255C71740099BAB1 /* SettingsView.swift in Sources */ = {isa = PBXBuildFile; fileRef = 16C73836255C71740099BAB1 /* SettingsView.swift */; };
		16C73843255C80670099BAB1 /* IconNamesObservableObject.swift in Sources */ = {isa = PBXBuildFile; fileRef = 16C73842255C80670099BAB1 /* IconNamesObservableObject.swift */; };
		16C7386E255C88FD0099BAB1 /* Dark-Icon-App.png in Resources */ = {isa = PBXBuildFile; fileRef = 16C73868255C88FD0099BAB1 /* Dark-Icon-App.png */; };
		16C7386F255C88FD0099BAB1 /* Dark-Icon-App@3x.png in Resources */ = {isa = PBXBuildFile; fileRef = 16C73869255C88FD0099BAB1 /* Dark-Icon-App@3x.png */; };
		16C73870255C88FD0099BAB1 /* Purple-Icon-App.png in Resources */ = {isa = PBXBuildFile; fileRef = 16C7386A255C88FD0099BAB1 /* Purple-Icon-App.png */; };
		16C73871255C88FD0099BAB1 /* Dark-Icon-App@2x.png in Resources */ = {isa = PBXBuildFile; fileRef = 16C7386B255C88FD0099BAB1 /* Dark-Icon-App@2x.png */; };
		16C73872255C88FD0099BAB1 /* Purple-Icon-App@2x.png in Resources */ = {isa = PBXBuildFile; fileRef = 16C7386C255C88FD0099BAB1 /* Purple-Icon-App@2x.png */; };
		16C73873255C88FD0099BAB1 /* Purple-Icon-App@3x.png in Resources */ = {isa = PBXBuildFile; fileRef = 16C7386D255C88FD0099BAB1 /* Purple-Icon-App@3x.png */; };
		16DA2092252E40B5006FA9B2 /* AristocratsTrack.swift in Sources */ = {isa = PBXBuildFile; fileRef = 16DA2091252E40B5006FA9B2 /* AristocratsTrack.swift */; };
		16DA209B252E459B006FA9B2 /* StreamType.swift in Sources */ = {isa = PBXBuildFile; fileRef = 16DA209A252E459B006FA9B2 /* StreamType.swift */; };
		16E32C7F256148D500A5AADC /* DiscussButtonView.swift in Sources */ = {isa = PBXBuildFile; fileRef = 16E32C7E256148D500A5AADC /* DiscussButtonView.swift */; };
		16E32C8325614D4100A5AADC /* TelegramURI.swift in Sources */ = {isa = PBXBuildFile; fileRef = 16E32C8225614D4100A5AADC /* TelegramURI.swift */; };
		16E32C8625615EBD00A5AADC /* SettingsRadioStreamPickerView.swift in Sources */ = {isa = PBXBuildFile; fileRef = 16E32C8525615EBD00A5AADC /* SettingsRadioStreamPickerView.swift */; };
		16E32C912561707400A5AADC /* InfoPlist.strings in Resources */ = {isa = PBXBuildFile; fileRef = 16E32C932561707400A5AADC /* InfoPlist.strings */; };
		16E4AD0D25600BA0002FDC70 /* PreviewProvider.swift in Sources */ = {isa = PBXBuildFile; fileRef = 16E4AD0C25600BA0002FDC70 /* PreviewProvider.swift */; };
		16E4AD1025603906002FDC70 /* LatestTracksHeadlineView.swift in Sources */ = {isa = PBXBuildFile; fileRef = 16E4AD0F25603906002FDC70 /* LatestTracksHeadlineView.swift */; };
		16EDE056255B29F700A3FBAD /* ArtworkImageObservableObject.swift in Sources */ = {isa = PBXBuildFile; fileRef = 16EDE055255B29F700A3FBAD /* ArtworkImageObservableObject.swift */; };
		16EDE05D255B2AC400A3FBAD /* TopNavigationView.swift in Sources */ = {isa = PBXBuildFile; fileRef = 16EDE05C255B2AC400A3FBAD /* TopNavigationView.swift */; };
		66FCEF8AE8C5E7ADE782C965 /* Pods_aristocratsfm.framework in Frameworks */ = {isa = PBXBuildFile; fileRef = 8B0A38687F9B48F3310C1AD8 /* Pods_aristocratsfm.framework */; };
/* End PBXBuildFile section */

/* Begin PBXFileReference section */
		16020DDD251E6D4700D8B062 /* aristocratsfm.app */ = {isa = PBXFileReference; explicitFileType = wrapper.application; includeInIndex = 0; path = aristocratsfm.app; sourceTree = BUILT_PRODUCTS_DIR; };
		16020DE0251E6D4700D8B062 /* AristocratsfmApp.swift */ = {isa = PBXFileReference; lastKnownFileType = sourcecode.swift; path = AristocratsfmApp.swift; sourceTree = "<group>"; };
		16020DE2251E6D4700D8B062 /* ContentView.swift */ = {isa = PBXFileReference; lastKnownFileType = sourcecode.swift; path = ContentView.swift; sourceTree = "<group>"; };
		16020DE4251E6D4700D8B062 /* Assets.xcassets */ = {isa = PBXFileReference; lastKnownFileType = folder.assetcatalog; path = Assets.xcassets; sourceTree = "<group>"; };
		16020DE9251E6D4700D8B062 /* Info.plist */ = {isa = PBXFileReference; lastKnownFileType = text.plist.xml; path = Info.plist; sourceTree = "<group>"; };
		16020DF0251E6E8E00D8B062 /* RadioCurrentTrackView.swift */ = {isa = PBXFileReference; lastKnownFileType = sourcecode.swift; path = RadioCurrentTrackView.swift; sourceTree = "<group>"; };
		1613B0BD2529FE070068B045 /* PlaylistListView.swift */ = {isa = PBXFileReference; lastKnownFileType = sourcecode.swift; path = PlaylistListView.swift; sourceTree = "<group>"; };
		1613B0C0252A022C0068B045 /* PlaylistTrackView.swift */ = {isa = PBXFileReference; lastKnownFileType = sourcecode.swift; path = PlaylistTrackView.swift; sourceTree = "<group>"; };
		1613B0C4252A0F7E0068B045 /* RoundedCornerView.swift */ = {isa = PBXFileReference; lastKnownFileType = sourcecode.swift; path = RoundedCornerView.swift; sourceTree = "<group>"; };
		1615AEA0252910390026184B /* NowPlayingObservableObject.swift */ = {isa = PBXFileReference; lastKnownFileType = sourcecode.swift; path = NowPlayingObservableObject.swift; sourceTree = "<group>"; };
		163A081E25684BC9003EA4BB /* FirebaseAnalytics.swift */ = {isa = PBXFileReference; lastKnownFileType = sourcecode.swift; path = FirebaseAnalytics.swift; sourceTree = "<group>"; };
		163A0848256A9E51003EA4BB /* en-GB */ = {isa = PBXFileReference; lastKnownFileType = text.plist.strings; name = "en-GB"; path = "en-GB.lproj/Localizable.strings"; sourceTree = "<group>"; };
		163A0849256A9E51003EA4BB /* en-GB */ = {isa = PBXFileReference; lastKnownFileType = text.plist.strings; name = "en-GB"; path = "en-GB.lproj/InfoPlist.strings"; sourceTree = "<group>"; };
		1661F8C22555F189006C6630 /* DataController.swift */ = {isa = PBXFileReference; lastKnownFileType = sourcecode.swift; path = DataController.swift; sourceTree = "<group>"; };
		166200DC251F50470073EEE5 /* RadioControlsView.swift */ = {isa = PBXFileReference; lastKnownFileType = sourcecode.swift; path = RadioControlsView.swift; sourceTree = "<group>"; };
		166200DF251F52210073EEE5 /* RadioPlayButtonView.swift */ = {isa = PBXFileReference; lastKnownFileType = sourcecode.swift; path = RadioPlayButtonView.swift; sourceTree = "<group>"; };
		166200E2251FAA410073EEE5 /* AppConstants.swift */ = {isa = PBXFileReference; lastKnownFileType = sourcecode.swift; path = AppConstants.swift; sourceTree = "<group>"; };
		166200E5251FB4210073EEE5 /* AristocratsMainView.swift */ = {isa = PBXFileReference; lastKnownFileType = sourcecode.swift; path = AristocratsMainView.swift; sourceTree = "<group>"; };
		16659F15254EF06F005F7D2C /* UIImage.swift */ = {isa = PBXFileReference; lastKnownFileType = sourcecode.swift; path = UIImage.swift; sourceTree = "<group>"; };
		16700F162554806E003A2F23 /* LikeButtonView.swift */ = {isa = PBXFileReference; lastKnownFileType = sourcecode.swift; path = LikeButtonView.swift; sourceTree = "<group>"; };
		167711882524FDD30011D6A6 /* PlayerObservableObject.swift */ = {isa = PBXFileReference; lastKnownFileType = sourcecode.swift; path = PlayerObservableObject.swift; sourceTree = "<group>"; };
		1677119A2525082F0011D6A6 /* Lottie.framework */ = {isa = PBXFileReference; explicitFileType = wrapper.framework; path = Lottie.framework; sourceTree = BUILT_PRODUCTS_DIR; };
		167BE13225603E6900E81F4C /* en */ = {isa = PBXFileReference; lastKnownFileType = text.plist.strings; name = en; path = en.lproj/Localizable.strings; sourceTree = "<group>"; };
		167BE13525603E7000E81F4C /* uk */ = {isa = PBXFileReference; lastKnownFileType = text.plist.strings; name = uk; path = uk.lproj/Localizable.strings; sourceTree = "<group>"; };
		167FE6192550BA2F00E65949 /* PlaylistObservableObject.swift */ = {isa = PBXFileReference; lastKnownFileType = sourcecode.swift; path = PlaylistObservableObject.swift; sourceTree = "<group>"; };
		167FE6222550CCC900E65949 /* aristocratsfm.entitlements */ = {isa = PBXFileReference; lastKnownFileType = text.plist.entitlements; path = aristocratsfm.entitlements; sourceTree = "<group>"; };
		168B789C253774920078D0A5 /* LoadingDots.json */ = {isa = PBXFileReference; fileEncoding = 4; lastKnownFileType = text.json; path = LoadingDots.json; sourceTree = "<group>"; };
		168B789F253774D40078D0A5 /* LoadingLottieView.swift */ = {isa = PBXFileReference; lastKnownFileType = sourcecode.swift; path = LoadingLottieView.swift; sourceTree = "<group>"; };
		168B78B325377A420078D0A5 /* URL.swift */ = {isa = PBXFileReference; lastKnownFileType = sourcecode.swift; path = URL.swift; sourceTree = "<group>"; };
		168B78B625377A6F0078D0A5 /* Publishers.swift */ = {isa = PBXFileReference; lastKnownFileType = sourcecode.swift; path = Publishers.swift; sourceTree = "<group>"; };
		168B78BF25377B330078D0A5 /* Publisher.swift */ = {isa = PBXFileReference; lastKnownFileType = sourcecode.swift; path = Publisher.swift; sourceTree = "<group>"; };
		1690B8252830023F0007433F /* JSONDecoder.swift */ = {isa = PBXFileReference; lastKnownFileType = sourcecode.swift; path = JSONDecoder.swift; sourceTree = "<group>"; };
		1693A5AF2556F39400AAA2A4 /* ShareButtonView.swift */ = {isa = PBXFileReference; lastKnownFileType = sourcecode.swift; path = ShareButtonView.swift; sourceTree = "<group>"; };
		1693A5B32556FB4D00AAA2A4 /* LikeAnimatedButton.json */ = {isa = PBXFileReference; fileEncoding = 4; lastKnownFileType = text.json; path = LikeAnimatedButton.json; sourceTree = "<group>"; };
		1693A5B62556FB9D00AAA2A4 /* LikeButtonLottieView.swift */ = {isa = PBXFileReference; lastKnownFileType = sourcecode.swift; path = LikeButtonLottieView.swift; sourceTree = "<group>"; };
		169E9DFC25583366005F2BB4 /* UIApplication.swift */ = {isa = PBXFileReference; lastKnownFileType = sourcecode.swift; path = UIApplication.swift; sourceTree = "<group>"; };
		169E9E042559C19B005F2BB4 /* CircleLoader.json */ = {isa = PBXFileReference; fileEncoding = 4; lastKnownFileType = text.json; path = CircleLoader.json; sourceTree = "<group>"; };
		169E9E082559C76C005F2BB4 /* LottieView.swift */ = {isa = PBXFileReference; lastKnownFileType = sourcecode.swift; path = LottieView.swift; sourceTree = "<group>"; };
		16AA1CE82555D9C100839F30 /* Aristocrats.xcdatamodel */ = {isa = PBXFileReference; lastKnownFileType = wrapper.xcdatamodel; path = Aristocrats.xcdatamodel; sourceTree = "<group>"; };
		16BDDA632568441900C39323 /* GoogleService-Info.plist */ = {isa = PBXFileReference; fileEncoding = 4; lastKnownFileType = text.plist.xml; path = "GoogleService-Info.plist"; sourceTree = "<group>"; };
		16BE322425573C95002403F2 /* FavoriteListView.swift */ = {isa = PBXFileReference; lastKnownFileType = sourcecode.swift; path = FavoriteListView.swift; sourceTree = "<group>"; };
		16BE322725574078002403F2 /* FavoriteTrack.swift */ = {isa = PBXFileReference; lastKnownFileType = sourcecode.swift; path = FavoriteTrack.swift; sourceTree = "<group>"; };
		16C73833255C6F240099BAB1 /* TeaCup.json */ = {isa = PBXFileReference; fileEncoding = 4; lastKnownFileType = text.json; path = TeaCup.json; sourceTree = "<group>"; };
		16C73836255C71740099BAB1 /* SettingsView.swift */ = {isa = PBXFileReference; lastKnownFileType = sourcecode.swift; path = SettingsView.swift; sourceTree = "<group>"; };
		16C73842255C80670099BAB1 /* IconNamesObservableObject.swift */ = {isa = PBXFileReference; lastKnownFileType = sourcecode.swift; path = IconNamesObservableObject.swift; sourceTree = "<group>"; };
		16C73868255C88FD0099BAB1 /* Dark-Icon-App.png */ = {isa = PBXFileReference; lastKnownFileType = image.png; path = "Dark-Icon-App.png"; sourceTree = "<group>"; };
		16C73869255C88FD0099BAB1 /* Dark-Icon-App@3x.png */ = {isa = PBXFileReference; lastKnownFileType = image.png; path = "Dark-Icon-App@3x.png"; sourceTree = "<group>"; };
		16C7386A255C88FD0099BAB1 /* Purple-Icon-App.png */ = {isa = PBXFileReference; lastKnownFileType = image.png; path = "Purple-Icon-App.png"; sourceTree = "<group>"; };
		16C7386B255C88FD0099BAB1 /* Dark-Icon-App@2x.png */ = {isa = PBXFileReference; lastKnownFileType = image.png; path = "Dark-Icon-App@2x.png"; sourceTree = "<group>"; };
		16C7386C255C88FD0099BAB1 /* Purple-Icon-App@2x.png */ = {isa = PBXFileReference; lastKnownFileType = image.png; path = "Purple-Icon-App@2x.png"; sourceTree = "<group>"; };
		16C7386D255C88FD0099BAB1 /* Purple-Icon-App@3x.png */ = {isa = PBXFileReference; lastKnownFileType = image.png; path = "Purple-Icon-App@3x.png"; sourceTree = "<group>"; };
		16DA2091252E40B5006FA9B2 /* AristocratsTrack.swift */ = {isa = PBXFileReference; lastKnownFileType = sourcecode.swift; path = AristocratsTrack.swift; sourceTree = "<group>"; };
		16DA209A252E459B006FA9B2 /* StreamType.swift */ = {isa = PBXFileReference; lastKnownFileType = sourcecode.swift; path = StreamType.swift; sourceTree = "<group>"; };
		16E32C7E256148D500A5AADC /* DiscussButtonView.swift */ = {isa = PBXFileReference; lastKnownFileType = sourcecode.swift; path = DiscussButtonView.swift; sourceTree = "<group>"; };
		16E32C8225614D4100A5AADC /* TelegramURI.swift */ = {isa = PBXFileReference; lastKnownFileType = sourcecode.swift; path = TelegramURI.swift; sourceTree = "<group>"; };
		16E32C8525615EBD00A5AADC /* SettingsRadioStreamPickerView.swift */ = {isa = PBXFileReference; lastKnownFileType = sourcecode.swift; path = SettingsRadioStreamPickerView.swift; sourceTree = "<group>"; };
		16E32C922561707400A5AADC /* en */ = {isa = PBXFileReference; lastKnownFileType = text.plist.strings; name = en; path = en.lproj/InfoPlist.strings; sourceTree = "<group>"; };
		16E32C952561707700A5AADC /* uk */ = {isa = PBXFileReference; lastKnownFileType = text.plist.strings; name = uk; path = uk.lproj/InfoPlist.strings; sourceTree = "<group>"; };
		16E4AD0C25600BA0002FDC70 /* PreviewProvider.swift */ = {isa = PBXFileReference; lastKnownFileType = sourcecode.swift; path = PreviewProvider.swift; sourceTree = "<group>"; };
		16E4AD0F25603906002FDC70 /* LatestTracksHeadlineView.swift */ = {isa = PBXFileReference; lastKnownFileType = sourcecode.swift; path = LatestTracksHeadlineView.swift; sourceTree = "<group>"; };
		16EDE055255B29F700A3FBAD /* ArtworkImageObservableObject.swift */ = {isa = PBXFileReference; lastKnownFileType = sourcecode.swift; path = ArtworkImageObservableObject.swift; sourceTree = "<group>"; };
		16EDE05C255B2AC400A3FBAD /* TopNavigationView.swift */ = {isa = PBXFileReference; lastKnownFileType = sourcecode.swift; path = TopNavigationView.swift; sourceTree = "<group>"; };
		4C88BD31FCC6DF9D5D7A7346 /* Pods-aristocratsfm.release.xcconfig */ = {isa = PBXFileReference; includeInIndex = 1; lastKnownFileType = text.xcconfig; name = "Pods-aristocratsfm.release.xcconfig"; path = "Target Support Files/Pods-aristocratsfm/Pods-aristocratsfm.release.xcconfig"; sourceTree = "<group>"; };
		52FA9DA3C0E8544254434888 /* Pods-aristocratsfm.debug.xcconfig */ = {isa = PBXFileReference; includeInIndex = 1; lastKnownFileType = text.xcconfig; name = "Pods-aristocratsfm.debug.xcconfig"; path = "Target Support Files/Pods-aristocratsfm/Pods-aristocratsfm.debug.xcconfig"; sourceTree = "<group>"; };
		8B0A38687F9B48F3310C1AD8 /* Pods_aristocratsfm.framework */ = {isa = PBXFileReference; explicitFileType = wrapper.framework; includeInIndex = 0; path = Pods_aristocratsfm.framework; sourceTree = BUILT_PRODUCTS_DIR; };
/* End PBXFileReference section */

/* Begin PBXFrameworksBuildPhase section */
		16020DDA251E6D4700D8B062 /* Frameworks */ = {
			isa = PBXFrameworksBuildPhase;
			buildActionMask = 2147483647;
			files = (
				66FCEF8AE8C5E7ADE782C965 /* Pods_aristocratsfm.framework in Frameworks */,
			);
			runOnlyForDeploymentPostprocessing = 0;
		};
/* End PBXFrameworksBuildPhase section */

/* Begin PBXGroup section */
		16020DD4251E6D4700D8B062 = {
			isa = PBXGroup;
			children = (
				16020DDF251E6D4700D8B062 /* aristocratsfm */,
				16020DDE251E6D4700D8B062 /* Products */,
				AD83E4CA77C234AD29FD2DCF /* Pods */,
				98D3BA43ACA3CA0402EAF409 /* Frameworks */,
			);
			sourceTree = "<group>";
		};
		16020DDE251E6D4700D8B062 /* Products */ = {
			isa = PBXGroup;
			children = (
				16020DDD251E6D4700D8B062 /* aristocratsfm.app */,
			);
			name = Products;
			sourceTree = "<group>";
		};
		16020DDF251E6D4700D8B062 /* aristocratsfm */ = {
			isa = PBXGroup;
			children = (
				16BDDA632568441900C39323 /* GoogleService-Info.plist */,
				16C7384F255C869A0099BAB1 /* Icons */,
				16AA1CE72555D9C100839F30 /* Aristocrats.xcdatamodeld */,
				167FE6222550CCC900E65949 /* aristocratsfm.entitlements */,
				167FE61F2550C9C800E65949 /* ObservableObjects */,
				168B78AE25377A1A0078D0A5 /* Extensions */,
				1613B0C3252A0F6B0068B045 /* Helpers */,
				1615AE912528EBBD0026184B /* Resources */,
				16A0CCCF25250C1B0092C693 /* Views */,
				167711872524FDAC0011D6A6 /* Models */,
				16020DE0251E6D4700D8B062 /* AristocratsfmApp.swift */,
				16020DE2251E6D4700D8B062 /* ContentView.swift */,
				16020DE4251E6D4700D8B062 /* Assets.xcassets */,
				16020DE9251E6D4700D8B062 /* Info.plist */,
				166200E2251FAA410073EEE5 /* AppConstants.swift */,
				167BE13325603E6900E81F4C /* Localizable.strings */,
				16E32C932561707400A5AADC /* InfoPlist.strings */,
			);
			path = aristocratsfm;
			sourceTree = "<group>";
		};
		1613B0C3252A0F6B0068B045 /* Helpers */ = {
			isa = PBXGroup;
			children = (
				1661F8C22555F189006C6630 /* DataController.swift */,
				1613B0C4252A0F7E0068B045 /* RoundedCornerView.swift */,
				163A081E25684BC9003EA4BB /* FirebaseAnalytics.swift */,
			);
			path = Helpers;
			sourceTree = "<group>";
		};
		1615AE912528EBBD0026184B /* Resources */ = {
			isa = PBXGroup;
			children = (
				169E9E042559C19B005F2BB4 /* CircleLoader.json */,
				1693A5B32556FB4D00AAA2A4 /* LikeAnimatedButton.json */,
				16C73833255C6F240099BAB1 /* TeaCup.json */,
				168B789C253774920078D0A5 /* LoadingDots.json */,
			);
			path = Resources;
			sourceTree = "<group>";
		};
		163A3B8B282EDFF600870EA9 /* MainView */ = {
			isa = PBXGroup;
			children = (
				16020DF0251E6E8E00D8B062 /* RadioCurrentTrackView.swift */,
				166200DC251F50470073EEE5 /* RadioControlsView.swift */,
				16700F162554806E003A2F23 /* LikeButtonView.swift */,
				166200DF251F52210073EEE5 /* RadioPlayButtonView.swift */,
				166200E5251FB4210073EEE5 /* AristocratsMainView.swift */,
				1693A5AF2556F39400AAA2A4 /* ShareButtonView.swift */,
				16EDE05C255B2AC400A3FBAD /* TopNavigationView.swift */,
				16E32C7E256148D500A5AADC /* DiscussButtonView.swift */,
				1613B0C0252A022C0068B045 /* PlaylistTrackView.swift */,
				1613B0BD2529FE070068B045 /* PlaylistListView.swift */,
				16E4AD0F25603906002FDC70 /* LatestTracksHeadlineView.swift */,
			);
			path = MainView;
			sourceTree = "<group>";
		};
		163A3B8C282EE01000870EA9 /* FavoriteSheetView */ = {
			isa = PBXGroup;
			children = (
				16BE322725574078002403F2 /* FavoriteTrack.swift */,
				16BE322425573C95002403F2 /* FavoriteListView.swift */,
			);
			path = FavoriteSheetView;
			sourceTree = "<group>";
		};
		163A3B8D282EE0AF00870EA9 /* SettingsSheetView */ = {
			isa = PBXGroup;
			children = (
				16E32C8525615EBD00A5AADC /* SettingsRadioStreamPickerView.swift */,
				16C73836255C71740099BAB1 /* SettingsView.swift */,
			);
			path = SettingsSheetView;
			sourceTree = "<group>";
		};
		167711872524FDAC0011D6A6 /* Models */ = {
			isa = PBXGroup;
			children = (
				16DA2091252E40B5006FA9B2 /* AristocratsTrack.swift */,
				16DA209A252E459B006FA9B2 /* StreamType.swift */,
				16E32C8225614D4100A5AADC /* TelegramURI.swift */,
			);
			path = Models;
			sourceTree = "<group>";
		};
		167FE61F2550C9C800E65949 /* ObservableObjects */ = {
			isa = PBXGroup;
			children = (
				167FE6192550BA2F00E65949 /* PlaylistObservableObject.swift */,
				167711882524FDD30011D6A6 /* PlayerObservableObject.swift */,
				1615AEA0252910390026184B /* NowPlayingObservableObject.swift */,
				16EDE055255B29F700A3FBAD /* ArtworkImageObservableObject.swift */,
				16C73842255C80670099BAB1 /* IconNamesObservableObject.swift */,
			);
			path = ObservableObjects;
			sourceTree = "<group>";
		};
		168B78AE25377A1A0078D0A5 /* Extensions */ = {
			isa = PBXGroup;
			children = (
				168B78B325377A420078D0A5 /* URL.swift */,
				168B78B625377A6F0078D0A5 /* Publishers.swift */,
				168B78BF25377B330078D0A5 /* Publisher.swift */,
				16659F15254EF06F005F7D2C /* UIImage.swift */,
				169E9DFC25583366005F2BB4 /* UIApplication.swift */,
				16E4AD0C25600BA0002FDC70 /* PreviewProvider.swift */,
				1690B8252830023F0007433F /* JSONDecoder.swift */,
			);
			path = Extensions;
			sourceTree = "<group>";
		};
		16A0CCCF25250C1B0092C693 /* Views */ = {
			isa = PBXGroup;
			children = (
				163A3B8D282EE0AF00870EA9 /* SettingsSheetView */,
				163A3B8C282EE01000870EA9 /* FavoriteSheetView */,
				163A3B8B282EDFF600870EA9 /* MainView */,
				16EDE04D255B1AA000A3FBAD /* LottieView */,
			);
			path = Views;
			sourceTree = "<group>";
		};
		16C7384F255C869A0099BAB1 /* Icons */ = {
			isa = PBXGroup;
			children = (
				16C73868255C88FD0099BAB1 /* Dark-Icon-App.png */,
				16C7386B255C88FD0099BAB1 /* Dark-Icon-App@2x.png */,
				16C73869255C88FD0099BAB1 /* Dark-Icon-App@3x.png */,
				16C7386C255C88FD0099BAB1 /* Purple-Icon-App@2x.png */,
				16C7386D255C88FD0099BAB1 /* Purple-Icon-App@3x.png */,
				16C7386A255C88FD0099BAB1 /* Purple-Icon-App.png */,
			);
			path = Icons;
			sourceTree = "<group>";
		};
		16EDE04D255B1AA000A3FBAD /* LottieView */ = {
			isa = PBXGroup;
			children = (
				169E9E082559C76C005F2BB4 /* LottieView.swift */,
				168B789F253774D40078D0A5 /* LoadingLottieView.swift */,
				1693A5B62556FB9D00AAA2A4 /* LikeButtonLottieView.swift */,
			);
			path = LottieView;
			sourceTree = "<group>";
		};
		98D3BA43ACA3CA0402EAF409 /* Frameworks */ = {
			isa = PBXGroup;
			children = (
				1677119A2525082F0011D6A6 /* Lottie.framework */,
				8B0A38687F9B48F3310C1AD8 /* Pods_aristocratsfm.framework */,
			);
			name = Frameworks;
			sourceTree = "<group>";
		};
		AD83E4CA77C234AD29FD2DCF /* Pods */ = {
			isa = PBXGroup;
			children = (
				52FA9DA3C0E8544254434888 /* Pods-aristocratsfm.debug.xcconfig */,
				4C88BD31FCC6DF9D5D7A7346 /* Pods-aristocratsfm.release.xcconfig */,
			);
			path = Pods;
			sourceTree = "<group>";
		};
/* End PBXGroup section */

/* Begin PBXNativeTarget section */
		16020DDC251E6D4700D8B062 /* aristocratsfm */ = {
			isa = PBXNativeTarget;
			buildConfigurationList = 16020DEC251E6D4700D8B062 /* Build configuration list for PBXNativeTarget "aristocratsfm" */;
			buildPhases = (
				4272A7729F62EFB0B3B47918 /* [CP] Check Pods Manifest.lock */,
				16020DD9251E6D4700D8B062 /* Sources */,
				16020DDA251E6D4700D8B062 /* Frameworks */,
				16020DDB251E6D4700D8B062 /* Resources */,
				32DF65010FC40A9C0B011E9A /* [CP] Embed Pods Frameworks */,
				167BE13B256046F300E81F4C /* SwiftLint */,
				16BDDA662568455700C39323 /* Crashlytics */,
			);
			buildRules = (
			);
			dependencies = (
			);
			name = aristocratsfm;
			productName = aristocratsfm;
			productReference = 16020DDD251E6D4700D8B062 /* aristocratsfm.app */;
			productType = "com.apple.product-type.application";
		};
/* End PBXNativeTarget section */

/* Begin PBXProject section */
		16020DD5251E6D4700D8B062 /* Project object */ = {
			isa = PBXProject;
			attributes = {
				LastSwiftUpdateCheck = 1200;
				LastUpgradeCheck = 1220;
				TargetAttributes = {
					16020DDC251E6D4700D8B062 = {
						CreatedOnToolsVersion = 12.0;
					};
				};
			};
			buildConfigurationList = 16020DD8251E6D4700D8B062 /* Build configuration list for PBXProject "aristocratsfm" */;
			compatibilityVersion = "Xcode 9.3";
			developmentRegion = en;
			hasScannedForEncodings = 0;
			knownRegions = (
				en,
				uk,
				"en-GB",
			);
			mainGroup = 16020DD4251E6D4700D8B062;
			productRefGroup = 16020DDE251E6D4700D8B062 /* Products */;
			projectDirPath = "";
			projectRoot = "";
			targets = (
				16020DDC251E6D4700D8B062 /* aristocratsfm */,
			);
		};
/* End PBXProject section */

/* Begin PBXResourcesBuildPhase section */
		16020DDB251E6D4700D8B062 /* Resources */ = {
			isa = PBXResourcesBuildPhase;
			buildActionMask = 2147483647;
			files = (
				16C73870255C88FD0099BAB1 /* Purple-Icon-App.png in Resources */,
				167BE13125603E6900E81F4C /* Localizable.strings in Resources */,
				16C73871255C88FD0099BAB1 /* Dark-Icon-App@2x.png in Resources */,
				16E32C912561707400A5AADC /* InfoPlist.strings in Resources */,
				16C7386F255C88FD0099BAB1 /* Dark-Icon-App@3x.png in Resources */,
				1693A5B42556FB4D00AAA2A4 /* LikeAnimatedButton.json in Resources */,
				168B789D253774920078D0A5 /* LoadingDots.json in Resources */,
				16C73834255C6F240099BAB1 /* TeaCup.json in Resources */,
				169E9E052559C19B005F2BB4 /* CircleLoader.json in Resources */,
				16C73873255C88FD0099BAB1 /* Purple-Icon-App@3x.png in Resources */,
				16C7386E255C88FD0099BAB1 /* Dark-Icon-App.png in Resources */,
				16020DE5251E6D4700D8B062 /* Assets.xcassets in Resources */,
				16C73872255C88FD0099BAB1 /* Purple-Icon-App@2x.png in Resources */,
				16BDDA642568441900C39323 /* GoogleService-Info.plist in Resources */,
			);
			runOnlyForDeploymentPostprocessing = 0;
		};
/* End PBXResourcesBuildPhase section */

/* Begin PBXShellScriptBuildPhase section */
		167BE13B256046F300E81F4C /* SwiftLint */ = {
			isa = PBXShellScriptBuildPhase;
			buildActionMask = 2147483647;
			files = (
			);
			inputFileListPaths = (
			);
			inputPaths = (
			);
			name = SwiftLint;
			outputFileListPaths = (
			);
			outputPaths = (
			);
			runOnlyForDeploymentPostprocessing = 0;
			shellPath = /bin/sh;
			shellScript = "if which \"${PODS_ROOT}/SwiftLint/swiftlint\" >/dev/null; then\n  \"${PODS_ROOT}/SwiftLint/swiftlint\"\nelse\n  echo \"warning: SwiftLint not installed, download from https://github.com/realm/SwiftLint\"\nfi\n";
		};
		16BDDA662568455700C39323 /* Crashlytics */ = {
			isa = PBXShellScriptBuildPhase;
			buildActionMask = 2147483647;
			files = (
			);
			inputFileListPaths = (
			);
			inputPaths = (
				"${DWARF_DSYM_FOLDER_PATH}/${DWARF_DSYM_FILE_NAME}/Contents/Resources/DWARF/${TARGET_NAME}",
				"$(SRCROOT)/$(BUILT_PRODUCTS_DIR)/$(INFOPLIST_PATH)",
			);
			name = Crashlytics;
			outputFileListPaths = (
			);
			outputPaths = (
			);
			runOnlyForDeploymentPostprocessing = 0;
			shellPath = /bin/sh;
			shellScript = "\"${PODS_ROOT}/FirebaseCrashlytics/run\"\n";
		};
		32DF65010FC40A9C0B011E9A /* [CP] Embed Pods Frameworks */ = {
			isa = PBXShellScriptBuildPhase;
			buildActionMask = 2147483647;
			files = (
			);
			inputFileListPaths = (
				"${PODS_ROOT}/Target Support Files/Pods-aristocratsfm/Pods-aristocratsfm-frameworks-${CONFIGURATION}-input-files.xcfilelist",
			);
			name = "[CP] Embed Pods Frameworks";
			outputFileListPaths = (
				"${PODS_ROOT}/Target Support Files/Pods-aristocratsfm/Pods-aristocratsfm-frameworks-${CONFIGURATION}-output-files.xcfilelist",
			);
			runOnlyForDeploymentPostprocessing = 0;
			shellPath = /bin/sh;
			shellScript = "\"${PODS_ROOT}/Target Support Files/Pods-aristocratsfm/Pods-aristocratsfm-frameworks.sh\"\n";
			showEnvVarsInLog = 0;
		};
		4272A7729F62EFB0B3B47918 /* [CP] Check Pods Manifest.lock */ = {
			isa = PBXShellScriptBuildPhase;
			buildActionMask = 2147483647;
			files = (
			);
			inputFileListPaths = (
			);
			inputPaths = (
				"${PODS_PODFILE_DIR_PATH}/Podfile.lock",
				"${PODS_ROOT}/Manifest.lock",
			);
			name = "[CP] Check Pods Manifest.lock";
			outputFileListPaths = (
			);
			outputPaths = (
				"$(DERIVED_FILE_DIR)/Pods-aristocratsfm-checkManifestLockResult.txt",
			);
			runOnlyForDeploymentPostprocessing = 0;
			shellPath = /bin/sh;
			shellScript = "diff \"${PODS_PODFILE_DIR_PATH}/Podfile.lock\" \"${PODS_ROOT}/Manifest.lock\" > /dev/null\nif [ $? != 0 ] ; then\n    # print error to STDERR\n    echo \"error: The sandbox is not in sync with the Podfile.lock. Run 'pod install' or update your CocoaPods installation.\" >&2\n    exit 1\nfi\n# This output is used by Xcode 'outputs' to avoid re-running this script phase.\necho \"SUCCESS\" > \"${SCRIPT_OUTPUT_FILE_0}\"\n";
			showEnvVarsInLog = 0;
		};
/* End PBXShellScriptBuildPhase section */

/* Begin PBXSourcesBuildPhase section */
		16020DD9251E6D4700D8B062 /* Sources */ = {
			isa = PBXSourcesBuildPhase;
			buildActionMask = 2147483647;
			files = (
				166200DD251F50470073EEE5 /* RadioControlsView.swift in Sources */,
				167711892524FDD30011D6A6 /* PlayerObservableObject.swift in Sources */,
				166200E3251FAA410073EEE5 /* AppConstants.swift in Sources */,
				16E32C8625615EBD00A5AADC /* SettingsRadioStreamPickerView.swift in Sources */,
				16E4AD1025603906002FDC70 /* LatestTracksHeadlineView.swift in Sources */,
				166200E6251FB4210073EEE5 /* AristocratsMainView.swift in Sources */,
				1690B8262830023F0007433F /* JSONDecoder.swift in Sources */,
				16C73843255C80670099BAB1 /* IconNamesObservableObject.swift in Sources */,
				1613B0C5252A0F7E0068B045 /* RoundedCornerView.swift in Sources */,
				168B78A0253774D40078D0A5 /* LoadingLottieView.swift in Sources */,
				16DA209B252E459B006FA9B2 /* StreamType.swift in Sources */,
				1693A5B02556F39400AAA2A4 /* ShareButtonView.swift in Sources */,
				16EDE05D255B2AC400A3FBAD /* TopNavigationView.swift in Sources */,
				167FE61A2550BA2F00E65949 /* PlaylistObservableObject.swift in Sources */,
				1613B0C1252A022C0068B045 /* PlaylistTrackView.swift in Sources */,
				16659F16254EF06F005F7D2C /* UIImage.swift in Sources */,
				16EDE056255B29F700A3FBAD /* ArtworkImageObservableObject.swift in Sources */,
				16E32C8325614D4100A5AADC /* TelegramURI.swift in Sources */,
				16BE322525573C95002403F2 /* FavoriteListView.swift in Sources */,
				1613B0BE2529FE070068B045 /* PlaylistListView.swift in Sources */,
				166200E0251F52210073EEE5 /* RadioPlayButtonView.swift in Sources */,
				16AA1CE92555D9C100839F30 /* Aristocrats.xcdatamodeld in Sources */,
				168B78C025377B330078D0A5 /* Publisher.swift in Sources */,
				16020DE3251E6D4700D8B062 /* ContentView.swift in Sources */,
				1693A5B72556FB9D00AAA2A4 /* LikeButtonLottieView.swift in Sources */,
				163A081F25684BC9003EA4BB /* FirebaseAnalytics.swift in Sources */,
				16E32C7F256148D500A5AADC /* DiscussButtonView.swift in Sources */,
				169E9E092559C76C005F2BB4 /* LottieView.swift in Sources */,
				16020DF1251E6E8E00D8B062 /* RadioCurrentTrackView.swift in Sources */,
				16700F172554806E003A2F23 /* LikeButtonView.swift in Sources */,
				1615AEA1252910390026184B /* NowPlayingObservableObject.swift in Sources */,
				16E4AD0D25600BA0002FDC70 /* PreviewProvider.swift in Sources */,
				16DA2092252E40B5006FA9B2 /* AristocratsTrack.swift in Sources */,
				16BE322825574078002403F2 /* FavoriteTrack.swift in Sources */,
				169E9DFD25583366005F2BB4 /* UIApplication.swift in Sources */,
				168B78B425377A420078D0A5 /* URL.swift in Sources */,
				168B78B725377A6F0078D0A5 /* Publishers.swift in Sources */,
				16020DE1251E6D4700D8B062 /* AristocratsfmApp.swift in Sources */,
				1661F8C32555F189006C6630 /* DataController.swift in Sources */,
				16C73837255C71740099BAB1 /* SettingsView.swift in Sources */,
			);
			runOnlyForDeploymentPostprocessing = 0;
		};
/* End PBXSourcesBuildPhase section */

/* Begin PBXVariantGroup section */
		167BE13325603E6900E81F4C /* Localizable.strings */ = {
			isa = PBXVariantGroup;
			children = (
				167BE13225603E6900E81F4C /* en */,
				167BE13525603E7000E81F4C /* uk */,
				163A0848256A9E51003EA4BB /* en-GB */,
			);
			name = Localizable.strings;
			sourceTree = "<group>";
		};
		16E32C932561707400A5AADC /* InfoPlist.strings */ = {
			isa = PBXVariantGroup;
			children = (
				16E32C922561707400A5AADC /* en */,
				16E32C952561707700A5AADC /* uk */,
				163A0849256A9E51003EA4BB /* en-GB */,
			);
			name = InfoPlist.strings;
			sourceTree = "<group>";
		};
/* End PBXVariantGroup section */

/* Begin XCBuildConfiguration section */
		16020DEA251E6D4700D8B062 /* Debug */ = {
			isa = XCBuildConfiguration;
			buildSettings = {
				ALWAYS_SEARCH_USER_PATHS = NO;
				CLANG_ANALYZER_LOCALIZABILITY_NONLOCALIZED = YES;
				CLANG_ANALYZER_NONNULL = YES;
				CLANG_ANALYZER_NUMBER_OBJECT_CONVERSION = YES_AGGRESSIVE;
				CLANG_CXX_LANGUAGE_STANDARD = "gnu++14";
				CLANG_CXX_LIBRARY = "libc++";
				CLANG_ENABLE_MODULES = YES;
				CLANG_ENABLE_OBJC_ARC = YES;
				CLANG_ENABLE_OBJC_WEAK = YES;
				CLANG_WARN_BLOCK_CAPTURE_AUTORELEASING = YES;
				CLANG_WARN_BOOL_CONVERSION = YES;
				CLANG_WARN_COMMA = YES;
				CLANG_WARN_CONSTANT_CONVERSION = YES;
				CLANG_WARN_DEPRECATED_OBJC_IMPLEMENTATIONS = YES;
				CLANG_WARN_DIRECT_OBJC_ISA_USAGE = YES_ERROR;
				CLANG_WARN_DOCUMENTATION_COMMENTS = YES;
				CLANG_WARN_EMPTY_BODY = YES;
				CLANG_WARN_ENUM_CONVERSION = YES;
				CLANG_WARN_INFINITE_RECURSION = YES;
				CLANG_WARN_INT_CONVERSION = YES;
				CLANG_WARN_NON_LITERAL_NULL_CONVERSION = YES;
				CLANG_WARN_OBJC_IMPLICIT_RETAIN_SELF = YES;
				CLANG_WARN_OBJC_LITERAL_CONVERSION = YES;
				CLANG_WARN_OBJC_ROOT_CLASS = YES_ERROR;
				CLANG_WARN_QUOTED_INCLUDE_IN_FRAMEWORK_HEADER = YES;
				CLANG_WARN_RANGE_LOOP_ANALYSIS = YES;
				CLANG_WARN_STRICT_PROTOTYPES = YES;
				CLANG_WARN_SUSPICIOUS_MOVE = YES;
				CLANG_WARN_UNGUARDED_AVAILABILITY = YES_AGGRESSIVE;
				CLANG_WARN_UNREACHABLE_CODE = YES;
				CLANG_WARN__DUPLICATE_METHOD_MATCH = YES;
				COPY_PHASE_STRIP = NO;
				DEBUG_INFORMATION_FORMAT = dwarf;
				ENABLE_STRICT_OBJC_MSGSEND = YES;
				ENABLE_TESTABILITY = YES;
				GCC_C_LANGUAGE_STANDARD = gnu11;
				GCC_DYNAMIC_NO_PIC = NO;
				GCC_NO_COMMON_BLOCKS = YES;
				GCC_OPTIMIZATION_LEVEL = 0;
				GCC_PREPROCESSOR_DEFINITIONS = (
					"DEBUG=1",
					"$(inherited)",
				);
				GCC_WARN_64_TO_32_BIT_CONVERSION = YES;
				GCC_WARN_ABOUT_RETURN_TYPE = YES_ERROR;
				GCC_WARN_UNDECLARED_SELECTOR = YES;
				GCC_WARN_UNINITIALIZED_AUTOS = YES_AGGRESSIVE;
				GCC_WARN_UNUSED_FUNCTION = YES;
				GCC_WARN_UNUSED_VARIABLE = YES;
				IPHONEOS_DEPLOYMENT_TARGET = 14.0;
				MTL_ENABLE_DEBUG_INFO = INCLUDE_SOURCE;
				MTL_FAST_MATH = YES;
				ONLY_ACTIVE_ARCH = YES;
				SDKROOT = iphoneos;
				SWIFT_ACTIVE_COMPILATION_CONDITIONS = DEBUG;
				SWIFT_OPTIMIZATION_LEVEL = "-Onone";
			};
			name = Debug;
		};
		16020DEB251E6D4700D8B062 /* Release */ = {
			isa = XCBuildConfiguration;
			buildSettings = {
				ALWAYS_SEARCH_USER_PATHS = NO;
				CLANG_ANALYZER_LOCALIZABILITY_NONLOCALIZED = YES;
				CLANG_ANALYZER_NONNULL = YES;
				CLANG_ANALYZER_NUMBER_OBJECT_CONVERSION = YES_AGGRESSIVE;
				CLANG_CXX_LANGUAGE_STANDARD = "gnu++14";
				CLANG_CXX_LIBRARY = "libc++";
				CLANG_ENABLE_MODULES = YES;
				CLANG_ENABLE_OBJC_ARC = YES;
				CLANG_ENABLE_OBJC_WEAK = YES;
				CLANG_WARN_BLOCK_CAPTURE_AUTORELEASING = YES;
				CLANG_WARN_BOOL_CONVERSION = YES;
				CLANG_WARN_COMMA = YES;
				CLANG_WARN_CONSTANT_CONVERSION = YES;
				CLANG_WARN_DEPRECATED_OBJC_IMPLEMENTATIONS = YES;
				CLANG_WARN_DIRECT_OBJC_ISA_USAGE = YES_ERROR;
				CLANG_WARN_DOCUMENTATION_COMMENTS = YES;
				CLANG_WARN_EMPTY_BODY = YES;
				CLANG_WARN_ENUM_CONVERSION = YES;
				CLANG_WARN_INFINITE_RECURSION = YES;
				CLANG_WARN_INT_CONVERSION = YES;
				CLANG_WARN_NON_LITERAL_NULL_CONVERSION = YES;
				CLANG_WARN_OBJC_IMPLICIT_RETAIN_SELF = YES;
				CLANG_WARN_OBJC_LITERAL_CONVERSION = YES;
				CLANG_WARN_OBJC_ROOT_CLASS = YES_ERROR;
				CLANG_WARN_QUOTED_INCLUDE_IN_FRAMEWORK_HEADER = YES;
				CLANG_WARN_RANGE_LOOP_ANALYSIS = YES;
				CLANG_WARN_STRICT_PROTOTYPES = YES;
				CLANG_WARN_SUSPICIOUS_MOVE = YES;
				CLANG_WARN_UNGUARDED_AVAILABILITY = YES_AGGRESSIVE;
				CLANG_WARN_UNREACHABLE_CODE = YES;
				CLANG_WARN__DUPLICATE_METHOD_MATCH = YES;
				COPY_PHASE_STRIP = NO;
				DEBUG_INFORMATION_FORMAT = "dwarf-with-dsym";
				ENABLE_NS_ASSERTIONS = NO;
				ENABLE_STRICT_OBJC_MSGSEND = YES;
				GCC_C_LANGUAGE_STANDARD = gnu11;
				GCC_NO_COMMON_BLOCKS = YES;
				GCC_WARN_64_TO_32_BIT_CONVERSION = YES;
				GCC_WARN_ABOUT_RETURN_TYPE = YES_ERROR;
				GCC_WARN_UNDECLARED_SELECTOR = YES;
				GCC_WARN_UNINITIALIZED_AUTOS = YES_AGGRESSIVE;
				GCC_WARN_UNUSED_FUNCTION = YES;
				GCC_WARN_UNUSED_VARIABLE = YES;
				IPHONEOS_DEPLOYMENT_TARGET = 14.0;
				MTL_ENABLE_DEBUG_INFO = NO;
				MTL_FAST_MATH = YES;
				SDKROOT = iphoneos;
				SWIFT_COMPILATION_MODE = wholemodule;
				SWIFT_OPTIMIZATION_LEVEL = "-O";
				VALIDATE_PRODUCT = YES;
			};
			name = Release;
		};
		16020DED251E6D4700D8B062 /* Debug */ = {
			isa = XCBuildConfiguration;
			baseConfigurationReference = 52FA9DA3C0E8544254434888 /* Pods-aristocratsfm.debug.xcconfig */;
			buildSettings = {
				ASSETCATALOG_COMPILER_APPICON_NAME = AppIcon;
				ASSETCATALOG_COMPILER_GLOBAL_ACCENT_COLOR_NAME = AccentColor;
				CODE_SIGN_ENTITLEMENTS = aristocratsfm/aristocratsfm.entitlements;
				CODE_SIGN_STYLE = Automatic;
				CURRENT_PROJECT_VERSION = 19;
				DEBUG_INFORMATION_FORMAT = "dwarf-with-dsym";
				DEVELOPMENT_ASSET_PATHS = "";
				DEVELOPMENT_TEAM = R5F5GL339W;
				ENABLE_PREVIEWS = YES;
				INFOPLIST_FILE = aristocratsfm/Info.plist;
				IPHONEOS_DEPLOYMENT_TARGET = 14.0;
				LD_RUNPATH_SEARCH_PATHS = (
					"$(inherited)",
					"@executable_path/Frameworks",
				);
				MARKETING_VERSION = 1.0.1;
				PRODUCT_BUNDLE_IDENTIFIER = com.vadimkin.aristocrats;
				PRODUCT_NAME = "$(TARGET_NAME)";
				SUPPORTS_MACCATALYST = NO;
				SWIFT_VERSION = 5.0;
				TARGETED_DEVICE_FAMILY = "1,2";
			};
			name = Debug;
		};
		16020DEE251E6D4700D8B062 /* Release */ = {
			isa = XCBuildConfiguration;
			baseConfigurationReference = 4C88BD31FCC6DF9D5D7A7346 /* Pods-aristocratsfm.release.xcconfig */;
			buildSettings = {
				ASSETCATALOG_COMPILER_APPICON_NAME = AppIcon;
				ASSETCATALOG_COMPILER_GLOBAL_ACCENT_COLOR_NAME = AccentColor;
				CODE_SIGN_ENTITLEMENTS = aristocratsfm/aristocratsfm.entitlements;
				CODE_SIGN_STYLE = Automatic;
				CURRENT_PROJECT_VERSION = 19;
				DEVELOPMENT_ASSET_PATHS = "";
				DEVELOPMENT_TEAM = R5F5GL339W;
				ENABLE_PREVIEWS = YES;
				INFOPLIST_FILE = aristocratsfm/Info.plist;
				IPHONEOS_DEPLOYMENT_TARGET = 14.0;
				LD_RUNPATH_SEARCH_PATHS = (
					"$(inherited)",
					"@executable_path/Frameworks",
				);
				MARKETING_VERSION = 1.0.1;
				PRODUCT_BUNDLE_IDENTIFIER = com.vadimkin.aristocrats;
				PRODUCT_NAME = "$(TARGET_NAME)";
				SUPPORTS_MACCATALYST = NO;
				SWIFT_VERSION = 5.0;
				TARGETED_DEVICE_FAMILY = "1,2";
			};
			name = Release;
		};
/* End XCBuildConfiguration section */

/* Begin XCConfigurationList section */
		16020DD8251E6D4700D8B062 /* Build configuration list for PBXProject "aristocratsfm" */ = {
			isa = XCConfigurationList;
			buildConfigurations = (
				16020DEA251E6D4700D8B062 /* Debug */,
				16020DEB251E6D4700D8B062 /* Release */,
			);
			defaultConfigurationIsVisible = 0;
			defaultConfigurationName = Release;
		};
		16020DEC251E6D4700D8B062 /* Build configuration list for PBXNativeTarget "aristocratsfm" */ = {
			isa = XCConfigurationList;
			buildConfigurations = (
				16020DED251E6D4700D8B062 /* Debug */,
				16020DEE251E6D4700D8B062 /* Release */,
			);
			defaultConfigurationIsVisible = 0;
			defaultConfigurationName = Release;
		};
/* End XCConfigurationList section */

/* Begin XCVersionGroup section */
		16AA1CE72555D9C100839F30 /* Aristocrats.xcdatamodeld */ = {
			isa = XCVersionGroup;
			children = (
				16AA1CE82555D9C100839F30 /* Aristocrats.xcdatamodel */,
			);
			currentVersion = 16AA1CE82555D9C100839F30 /* Aristocrats.xcdatamodel */;
			name = Aristocrats.xcdatamodeld;
			path = ../Aristocrats.xcdatamodeld;
			sourceTree = "<group>";
			versionGroupType = wrapper.xcdatamodel;
		};
/* End XCVersionGroup section */
	};
	rootObject = 16020DD5251E6D4700D8B062 /* Project object */;
}
